
Microsoft Visual Studio Solution File, Format Version 12.00
# Visual Studio Version 17
VisualStudioVersion = 17.1.32428.221
MinimumVisualStudioVersion = 10.0.40219.1
Project("{9A19103F-16F7-4668-BE54-9A1E7A4F7556}") = "Data", "Data\Data.csproj", "{1E50CE8B-246B-4122-82E3-7A4E69AF0DD8}"
EndProject
Project("{9A19103F-16F7-4668-BE54-9A1E7A4F7556}") = "Logic", "Logic\Logic.csproj", "{FB237F4E-8140-4B4D-81BE-F04721033A14}"
EndProject
Project("{9A19103F-16F7-4668-BE54-9A1E7A4F7556}") = "Website", "Website\Website.csproj", "{251CAC12-6EEF-4681-9079-4CBEDD2EE047}"
EndProject
Project("{2150E333-8FDC-42A3-9474-1A3956D46DE8}") = "Solution Items", "Solution Items", "{A4B79766-5A74-4048-8177-BE565BC11245}"
	ProjectSection(SolutionItems) = preProject
		README.md = README.md
	EndProjectSection
EndProject
Global
	GlobalSection(SolutionConfigurationPlatforms) = preSolution
		Debug|Any CPU = Debug|Any CPU
		Release|Any CPU = Release|Any CPU
	EndGlobalSection
	GlobalSection(ProjectConfigurationPlatforms) = postSolution
		{1E50CE8B-246B-4122-82E3-7A4E69AF0DD8}.Debug|Any CPU.ActiveCfg = Debug|Any CPU
		{1E50CE8B-246B-4122-82E3-7A4E69AF0DD8}.Debug|Any CPU.Build.0 = Debug|Any CPU
		{1E50CE8B-246B-4122-82E3-7A4E69AF0DD8}.Release|Any CPU.ActiveCfg = Release|Any CPU
		{1E50CE8B-246B-4122-82E3-7A4E69AF0DD8}.Release|Any CPU.Build.0 = Release|Any CPU
		{FB237F4E-8140-4B4D-81BE-F04721033A14}.Debug|Any CPU.ActiveCfg = Debug|Any CPU
		{FB237F4E-8140-4B4D-81BE-F04721033A14}.Debug|Any CPU.Build.0 = Debug|Any CPU
		{FB237F4E-8140-4B4D-81BE-F04721033A14}.Release|Any CPU.ActiveCfg = Release|Any CPU
		{FB237F4E-8140-4B4D-81BE-F04721033A14}.Release|Any CPU.Build.0 = Release|Any CPU
		{251CAC12-6EEF-4681-9079-4CBEDD2EE047}.Debug|Any CPU.ActiveCfg = Debug|Any CPU
		{251CAC12-6EEF-4681-9079-4CBEDD2EE047}.Debug|Any CPU.Build.0 = Debug|Any CPU
		{251CAC12-6EEF-4681-9079-4CBEDD2EE047}.Release|Any CPU.ActiveCfg = Release|Any CPU
		{251CAC12-6EEF-4681-9079-4CBEDD2EE047}.Release|Any CPU.Build.0 = Release|Any CPU
	EndGlobalSection
	GlobalSection(SolutionProperties) = preSolution
		HideSolutionNode = FALSE
	EndGlobalSection
	GlobalSection(ExtensibilityGlobals) = postSolution
		SolutionGuid = {5793F233-029F-43E2-A40D-7E8361F639B1}
	EndGlobalSection
EndGlobal
